
Microsoft Visual Studio Solution File, Format Version 12.00
# Visual Studio Version 16
VisualStudioVersion = 16.0.29911.84
MinimumVisualStudioVersion = 10.0.40219.1
Project("{FAE04EC0-301F-11D3-BF4B-00C04F79EFBC}") = "NestedRepetition2.4", "NestedRepetition2.4\NestedRepetition2.4.csproj", "{6E7724AE-D07C-436F-A7DA-1ED37952C26C}"
EndProject
Global
	GlobalSection(SolutionConfigurationPlatforms) = preSolution
		Debug|Any CPU = Debug|Any CPU
		Release|Any CPU = Release|Any CPU
	EndGlobalSection
	GlobalSection(ProjectConfigurationPlatforms) = postSolution
		{6E7724AE-D07C-436F-A7DA-1ED37952C26C}.Debug|Any CPU.ActiveCfg = Debug|Any CPU
		{6E7724AE-D07C-436F-A7DA-1ED37952C26C}.Debug|Any CPU.Build.0 = Debug|Any CPU
		{6E7724AE-D07C-436F-A7DA-1ED37952C26C}.Release|Any CPU.ActiveCfg = Release|Any CPU
		{6E7724AE-D07C-436F-A7DA-1ED37952C26C}.Release|Any CPU.Build.0 = Release|Any CPU
	EndGlobalSection
	GlobalSection(SolutionProperties) = preSolution
		HideSolutionNode = FALSE
	EndGlobalSection
	GlobalSection(ExtensibilityGlobals) = postSolution
		SolutionGuid = {E296A1FF-4A0D-4003-8FE9-74AC30851858}
	EndGlobalSection
EndGlobal
