
Microsoft Visual Studio Solution File, Format Version 12.00
# Visual Studio Version 16
VisualStudioVersion = 16.0.30002.166
MinimumVisualStudioVersion = 10.0.40219.1
Project("{FAE04EC0-301F-11D3-BF4B-00C04F79EFBC}") = "FunctionsMethods", "FunctionsMethods\FunctionsMethods.csproj", "{55A71952-DA22-4972-8F8F-46CE9E40E5E5}"
EndProject
Global
	GlobalSection(SolutionConfigurationPlatforms) = preSolution
		Debug|Any CPU = Debug|Any CPU
		Release|Any CPU = Release|Any CPU
	EndGlobalSection
	GlobalSection(ProjectConfigurationPlatforms) = postSolution
		{55A71952-DA22-4972-8F8F-46CE9E40E5E5}.Debug|Any CPU.ActiveCfg = Debug|Any CPU
		{55A71952-DA22-4972-8F8F-46CE9E40E5E5}.Debug|Any CPU.Build.0 = Debug|Any CPU
		{55A71952-DA22-4972-8F8F-46CE9E40E5E5}.Release|Any CPU.ActiveCfg = Release|Any CPU
		{55A71952-DA22-4972-8F8F-46CE9E40E5E5}.Release|Any CPU.Build.0 = Release|Any CPU
	EndGlobalSection
	GlobalSection(SolutionProperties) = preSolution
		HideSolutionNode = FALSE
	EndGlobalSection
	GlobalSection(ExtensibilityGlobals) = postSolution
		SolutionGuid = {37726EE0-0D1F-4869-A769-BF1B48803BE9}
	EndGlobalSection
EndGlobal
