
Microsoft Visual Studio Solution File, Format Version 12.00
# Visual Studio Version 16
VisualStudioVersion = 16.0.29911.84
MinimumVisualStudioVersion = 10.0.40219.1
Project("{FAE04EC0-301F-11D3-BF4B-00C04F79EFBC}") = "Arrays2", "Arrays2\Arrays2.csproj", "{BFE72405-FE96-4E3F-B4F0-0B7EB6B3F8D7}"
EndProject
Global
	GlobalSection(SolutionConfigurationPlatforms) = preSolution
		Debug|Any CPU = Debug|Any CPU
		Release|Any CPU = Release|Any CPU
	EndGlobalSection
	GlobalSection(ProjectConfigurationPlatforms) = postSolution
		{BFE72405-FE96-4E3F-B4F0-0B7EB6B3F8D7}.Debug|Any CPU.ActiveCfg = Debug|Any CPU
		{BFE72405-FE96-4E3F-B4F0-0B7EB6B3F8D7}.Debug|Any CPU.Build.0 = Debug|Any CPU
		{BFE72405-FE96-4E3F-B4F0-0B7EB6B3F8D7}.Release|Any CPU.ActiveCfg = Release|Any CPU
		{BFE72405-FE96-4E3F-B4F0-0B7EB6B3F8D7}.Release|Any CPU.Build.0 = Release|Any CPU
	EndGlobalSection
	GlobalSection(SolutionProperties) = preSolution
		HideSolutionNode = FALSE
	EndGlobalSection
	GlobalSection(ExtensibilityGlobals) = postSolution
		SolutionGuid = {80973334-04B6-483E-8AD1-4D13C773EBFC}
	EndGlobalSection
EndGlobal
